
Microsoft Visual Studio Solution File, Format Version 12.00
# Visual Studio 14
VisualStudioVersion = 14.0.24720.0
MinimumVisualStudioVersion = 10.0.40219.1
Project("{2150E333-8FDC-42A3-9474-1A3956D46DE8}") = "Solution Items", "Solution Items", "{C1263149-2E62-47DB-9396-CD809BF55A15}"
	ProjectSection(SolutionItems) = preProject
		.gitattributes = .gitattributes
		.gitignore = .gitignore
		LICENSE = LICENSE
		NuGet.nuspec = NuGet.nuspec
	EndProjectSection
EndProject
Project("{FAE04EC0-301F-11D3-BF4B-00C04F79EFBC}") = "SMLogging", "SMLogging\SMLogging.csproj", "{7A39F680-A620-4B15-AF44-56CF6E880A7F}"
EndProject
Project("{FAE04EC0-301F-11D3-BF4B-00C04F79EFBC}") = "SMLogging.Lab.Client", "SMLogging.Lab.Client\SMLogging.Lab.Client.csproj", "{41A6AA36-ECD8-440C-8101-3117FFEDC13B}"
EndProject
Project("{FAE04EC0-301F-11D3-BF4B-00C04F79EFBC}") = "SMLogging.Lab", "SMLogging.Lab\SMLogging.Lab.csproj", "{D8C05E87-DF5E-487B-A5F5-D8993C980542}"
EndProject
Project("{930C7802-8A8C-48F9-8165-68863BCCD9DD}") = "SMLogging.Setup", "SMLogging.Setup\SMLogging.Setup.wixproj", "{D6309CC5-7512-44D1-AFA6-150D03D174BD}"
EndProject
Project("{FAE04EC0-301F-11D3-BF4B-00C04F79EFBC}") = "SMLogging.Setup.CustomActions", "SMLogging.Setup.CustomActions\SMLogging.Setup.CustomActions.csproj", "{9AB080BA-8C47-4DB9-AD1B-6404AC9E5C2C}"
EndProject
Global
	GlobalSection(SolutionConfigurationPlatforms) = preSolution
		Debug|Any CPU = Debug|Any CPU
		Debug|x86 = Debug|x86
		Release|Any CPU = Release|Any CPU
		Release|x86 = Release|x86
	EndGlobalSection
	GlobalSection(ProjectConfigurationPlatforms) = postSolution
		{7A39F680-A620-4B15-AF44-56CF6E880A7F}.Debug|Any CPU.ActiveCfg = Debug|Any CPU
		{7A39F680-A620-4B15-AF44-56CF6E880A7F}.Debug|Any CPU.Build.0 = Debug|Any CPU
		{7A39F680-A620-4B15-AF44-56CF6E880A7F}.Debug|x86.ActiveCfg = Debug|Any CPU
		{7A39F680-A620-4B15-AF44-56CF6E880A7F}.Debug|x86.Build.0 = Debug|Any CPU
		{7A39F680-A620-4B15-AF44-56CF6E880A7F}.Release|Any CPU.ActiveCfg = Release|Any CPU
		{7A39F680-A620-4B15-AF44-56CF6E880A7F}.Release|Any CPU.Build.0 = Release|Any CPU
		{7A39F680-A620-4B15-AF44-56CF6E880A7F}.Release|x86.ActiveCfg = Release|Any CPU
		{7A39F680-A620-4B15-AF44-56CF6E880A7F}.Release|x86.Build.0 = Release|Any CPU
		{41A6AA36-ECD8-440C-8101-3117FFEDC13B}.Debug|Any CPU.ActiveCfg = Debug|Any CPU
		{41A6AA36-ECD8-440C-8101-3117FFEDC13B}.Debug|Any CPU.Build.0 = Debug|Any CPU
		{41A6AA36-ECD8-440C-8101-3117FFEDC13B}.Debug|x86.ActiveCfg = Debug|Any CPU
		{41A6AA36-ECD8-440C-8101-3117FFEDC13B}.Debug|x86.Build.0 = Debug|Any CPU
		{41A6AA36-ECD8-440C-8101-3117FFEDC13B}.Release|Any CPU.ActiveCfg = Release|Any CPU
		{41A6AA36-ECD8-440C-8101-3117FFEDC13B}.Release|Any CPU.Build.0 = Release|Any CPU
		{41A6AA36-ECD8-440C-8101-3117FFEDC13B}.Release|x86.ActiveCfg = Release|Any CPU
		{41A6AA36-ECD8-440C-8101-3117FFEDC13B}.Release|x86.Build.0 = Release|Any CPU
		{D8C05E87-DF5E-487B-A5F5-D8993C980542}.Debug|Any CPU.ActiveCfg = Debug|Any CPU
		{D8C05E87-DF5E-487B-A5F5-D8993C980542}.Debug|Any CPU.Build.0 = Debug|Any CPU
		{D8C05E87-DF5E-487B-A5F5-D8993C980542}.Debug|x86.ActiveCfg = Debug|Any CPU
		{D8C05E87-DF5E-487B-A5F5-D8993C980542}.Debug|x86.Build.0 = Debug|Any CPU
		{D8C05E87-DF5E-487B-A5F5-D8993C980542}.Release|Any CPU.ActiveCfg = Release|Any CPU
		{D8C05E87-DF5E-487B-A5F5-D8993C980542}.Release|Any CPU.Build.0 = Release|Any CPU
		{D8C05E87-DF5E-487B-A5F5-D8993C980542}.Release|x86.ActiveCfg = Release|Any CPU
		{D8C05E87-DF5E-487B-A5F5-D8993C980542}.Release|x86.Build.0 = Release|Any CPU
		{D6309CC5-7512-44D1-AFA6-150D03D174BD}.Debug|Any CPU.ActiveCfg = Debug|x86
		{D6309CC5-7512-44D1-AFA6-150D03D174BD}.Debug|Any CPU.Build.0 = Debug|x86
		{D6309CC5-7512-44D1-AFA6-150D03D174BD}.Debug|x86.ActiveCfg = Debug|x86
		{D6309CC5-7512-44D1-AFA6-150D03D174BD}.Debug|x86.Build.0 = Debug|x86
		{D6309CC5-7512-44D1-AFA6-150D03D174BD}.Release|Any CPU.ActiveCfg = Release|x86
		{D6309CC5-7512-44D1-AFA6-150D03D174BD}.Release|Any CPU.Build.0 = Release|x86
		{D6309CC5-7512-44D1-AFA6-150D03D174BD}.Release|x86.ActiveCfg = Release|x86
		{D6309CC5-7512-44D1-AFA6-150D03D174BD}.Release|x86.Build.0 = Release|x86
		{9AB080BA-8C47-4DB9-AD1B-6404AC9E5C2C}.Debug|Any CPU.ActiveCfg = Debug|x86
		{9AB080BA-8C47-4DB9-AD1B-6404AC9E5C2C}.Debug|Any CPU.Build.0 = Debug|x86
		{9AB080BA-8C47-4DB9-AD1B-6404AC9E5C2C}.Debug|x86.ActiveCfg = Debug|x86
		{9AB080BA-8C47-4DB9-AD1B-6404AC9E5C2C}.Debug|x86.Build.0 = Debug|x86
		{9AB080BA-8C47-4DB9-AD1B-6404AC9E5C2C}.Release|Any CPU.ActiveCfg = Release|x86
		{9AB080BA-8C47-4DB9-AD1B-6404AC9E5C2C}.Release|Any CPU.Build.0 = Release|x86
		{9AB080BA-8C47-4DB9-AD1B-6404AC9E5C2C}.Release|x86.ActiveCfg = Release|x86
		{9AB080BA-8C47-4DB9-AD1B-6404AC9E5C2C}.Release|x86.Build.0 = Release|x86
	EndGlobalSection
	GlobalSection(SolutionProperties) = preSolution
		HideSolutionNode = FALSE
	EndGlobalSection
EndGlobal
